
Microsoft Visual Studio Solution File, Format Version 10.00
# Visual Studio 2008
Project("{8BC9CEB8-8B4A-11D0-8D11-00A0C91BC942}") = "PlanningControl", "PlanningControl\PlanningControl.vcproj", "{D4711AB5-B896-47FC-9322-02A39EFDA09F}"
EndProject
Global
	GlobalSection(SolutionConfigurationPlatforms) = preSolution
		Debug|Win32 = Debug|Win32
		Release|Win32 = Release|Win32
	EndGlobalSection
	GlobalSection(ProjectConfigurationPlatforms) = postSolution
		{D4711AB5-B896-47FC-9322-02A39EFDA09F}.Debug|Win32.ActiveCfg = Debug|Win32
		{D4711AB5-B896-47FC-9322-02A39EFDA09F}.Debug|Win32.Build.0 = Debug|Win32
		{D4711AB5-B896-47FC-9322-02A39EFDA09F}.Release|Win32.ActiveCfg = Release|Win32
		{D4711AB5-B896-47FC-9322-02A39EFDA09F}.Release|Win32.Build.0 = Release|Win32
	EndGlobalSection
	GlobalSection(SolutionProperties) = preSolution
		HideSolutionNode = FALSE
	EndGlobalSection
EndGlobal
